
Microsoft Visual Studio Solution File, Format Version 12.00
# Visual Studio 15
VisualStudioVersion = 15.0.26430.12
MinimumVisualStudioVersion = 10.0.40219.1
Project("{FAE04EC0-301F-11D3-BF4B-00C04F79EFBC}") = "GMC Consignment API", "GMC Consignment API\GMC Consignment API.csproj", "{C88CA24A-A912-42E0-AF3C-CF8299360143}"
EndProject
Project("{FAE04EC0-301F-11D3-BF4B-00C04F79EFBC}") = "GMC Consignment API.Tests", "GMC Consignment API.Tests\GMC Consignment API.Tests.csproj", "{8A64545E-7488-43B1-AA29-905F58A7BFEF}"
EndProject
Global
	GlobalSection(SolutionConfigurationPlatforms) = preSolution
		Debug|Any CPU = Debug|Any CPU
		Release|Any CPU = Release|Any CPU
	EndGlobalSection
	GlobalSection(ProjectConfigurationPlatforms) = postSolution
		{C88CA24A-A912-42E0-AF3C-CF8299360143}.Debug|Any CPU.ActiveCfg = Debug|Any CPU
		{C88CA24A-A912-42E0-AF3C-CF8299360143}.Debug|Any CPU.Build.0 = Debug|Any CPU
		{C88CA24A-A912-42E0-AF3C-CF8299360143}.Release|Any CPU.ActiveCfg = Release|Any CPU
		{C88CA24A-A912-42E0-AF3C-CF8299360143}.Release|Any CPU.Build.0 = Release|Any CPU
		{8A64545E-7488-43B1-AA29-905F58A7BFEF}.Debug|Any CPU.ActiveCfg = Debug|Any CPU
		{8A64545E-7488-43B1-AA29-905F58A7BFEF}.Debug|Any CPU.Build.0 = Debug|Any CPU
		{8A64545E-7488-43B1-AA29-905F58A7BFEF}.Release|Any CPU.ActiveCfg = Release|Any CPU
		{8A64545E-7488-43B1-AA29-905F58A7BFEF}.Release|Any CPU.Build.0 = Release|Any CPU
	EndGlobalSection
	GlobalSection(SolutionProperties) = preSolution
		HideSolutionNode = FALSE
	EndGlobalSection
EndGlobal
